
Microsoft Visual Studio Solution File, Format Version 12.00
# Visual Studio 2013
VisualStudioVersion = 12.0.31101.0
MinimumVisualStudioVersion = 10.0.40219.1
Project("{FAE04EC0-301F-11D3-BF4B-00C04F79EFBC}") = "Untappd.Net", "src\Untappd.Net\Untappd.Net.csproj", "{D8571A44-2E86-43A3-B64A-2364614C6934}"
EndProject
Project("{FAE04EC0-301F-11D3-BF4B-00C04F79EFBC}") = "Untappd.Net.UnitTests", "src\Untappd.Net.UnitTests\Untappd.Net.UnitTests.csproj", "{513A3FB2-6664-40E7-A03E-591D852C42E4}"
EndProject
Project("{2150E333-8FDC-42A3-9474-1A3956D46DE8}") = "Solution Items", "Solution Items", "{7175F502-2C45-4728-8693-A6ACDC7D5892}"
	ProjectSection(SolutionItems) = preProject
		appveyor.yml = appveyor.yml
	EndProjectSection
EndProject
Project("{2150E333-8FDC-42A3-9474-1A3956D46DE8}") = ".nuget", ".nuget", "{8013BAEB-9A81-4ED1-8471-343D16B06D98}"
	ProjectSection(SolutionItems) = preProject
		.nuget\packages.config = .nuget\packages.config
	EndProjectSection
EndProject
Global
	GlobalSection(SolutionConfigurationPlatforms) = preSolution
		Debug|Any CPU = Debug|Any CPU
		Release|Any CPU = Release|Any CPU
	EndGlobalSection
	GlobalSection(ProjectConfigurationPlatforms) = postSolution
		{D8571A44-2E86-43A3-B64A-2364614C6934}.Debug|Any CPU.ActiveCfg = Debug|Any CPU
		{D8571A44-2E86-43A3-B64A-2364614C6934}.Debug|Any CPU.Build.0 = Debug|Any CPU
		{D8571A44-2E86-43A3-B64A-2364614C6934}.Release|Any CPU.ActiveCfg = Release|Any CPU
		{D8571A44-2E86-43A3-B64A-2364614C6934}.Release|Any CPU.Build.0 = Release|Any CPU
		{513A3FB2-6664-40E7-A03E-591D852C42E4}.Debug|Any CPU.ActiveCfg = Debug|Any CPU
		{513A3FB2-6664-40E7-A03E-591D852C42E4}.Debug|Any CPU.Build.0 = Debug|Any CPU
		{513A3FB2-6664-40E7-A03E-591D852C42E4}.Release|Any CPU.ActiveCfg = Release|Any CPU
		{513A3FB2-6664-40E7-A03E-591D852C42E4}.Release|Any CPU.Build.0 = Release|Any CPU
	EndGlobalSection
	GlobalSection(SolutionProperties) = preSolution
		HideSolutionNode = FALSE
	EndGlobalSection
EndGlobal
